# @generated - this file is auto-generated by `mise lock` https://mise.en.dev/dev-tools/mise-lock.html

[[tools."github:jimeh/treeboot"]]
version = "0.4.1"
backend = "github:jimeh/treeboot"

[tools."github:jimeh/treeboot"."platforms.linux-arm64"]
checksum = "sha256:db516c0079ad3ab512aff5850aa0a78ee15334d052a3134edf0a0ff4a3357c9d"
url = "https://github.com/jimeh/treeboot/releases/download/v0.4.1/treeboot-aarch64-unknown-linux-musl.tar.gz"
url_api = "https://api.github.com/repos/jimeh/treeboot/releases/assets/455182968"
provenance = "github-attestations"

[tools."github:jimeh/treeboot"."platforms.linux-arm64-musl"]
checksum = "sha256:db516c0079ad3ab512aff5850aa0a78ee15334d052a3134edf0a0ff4a3357c9d"
url = "https://github.com/jimeh/treeboot/releases/download/v0.4.1/treeboot-aarch64-unknown-linux-musl.tar.gz"
url_api = "https://api.github.com/repos/jimeh/treeboot/releases/assets/455182968"
provenance = "github-attestations"

[tools."github:jimeh/treeboot"."platforms.linux-x64"]
checksum = "sha256:e4c288e00ca2ebc3c49f9a8bfe22fd3c7b03524213d8622663d0bbb6e475f6a1"
url = "https://github.com/jimeh/treeboot/releases/download/v0.4.1/treeboot-x86_64-unknown-linux-musl.tar.gz"
url_api = "https://api.github.com/repos/jimeh/treeboot/releases/assets/455182987"
provenance = "github-attestations"

[tools."github:jimeh/treeboot"."platforms.linux-x64-musl"]
checksum = "sha256:e4c288e00ca2ebc3c49f9a8bfe22fd3c7b03524213d8622663d0bbb6e475f6a1"
url = "https://github.com/jimeh/treeboot/releases/download/v0.4.1/treeboot-x86_64-unknown-linux-musl.tar.gz"
url_api = "https://api.github.com/repos/jimeh/treeboot/releases/assets/455182987"
provenance = "github-attestations"

[tools."github:jimeh/treeboot"."platforms.macos-arm64"]
checksum = "sha256:79343d7884d4a4d0b9d6929259953d8b7b83d01edd08261f34750a53fd25dfda"
url = "https://github.com/jimeh/treeboot/releases/download/v0.4.1/treeboot-aarch64-apple-darwin.tar.gz"
url_api = "https://api.github.com/repos/jimeh/treeboot/releases/assets/455182954"
provenance = "github-attestations"

[tools."github:jimeh/treeboot"."platforms.macos-x64"]
checksum = "sha256:5acddd4947535fe7b7317faf6586ee2847a9cf7503f102c3bfcfb7f92d4f0ba3"
url = "https://github.com/jimeh/treeboot/releases/download/v0.4.1/treeboot-x86_64-apple-darwin.tar.gz"
url_api = "https://api.github.com/repos/jimeh/treeboot/releases/assets/455182982"
provenance = "github-attestations"

[tools."github:jimeh/treeboot"."platforms.windows-x64"]
checksum = "sha256:636c376589a8884c8c1a242bbe01160ddd1a24e21921453a6bc4b2ce03c5f29d"
url = "https://github.com/jimeh/treeboot/releases/download/v0.4.1/treeboot-x86_64-pc-windows-msvc.zip"
url_api = "https://api.github.com/repos/jimeh/treeboot/releases/assets/455182984"
provenance = "github-attestations"

[[tools.node]]
version = "24.15.0"
backend = "core:node"

[tools.node."platforms.linux-arm64"]
checksum = "sha256:73afc234d558c24919875f51c2d1ea002a2ada4ea6f83601a383869fefa64eed"
url = "https://nodejs.org/dist/v24.15.0/node-v24.15.0-linux-arm64.tar.gz"

[tools.node."platforms.linux-arm64-musl"]
checksum = "sha256:31e98aa960a067da91edffd5d93bc46657b5d2a8029612c359f5f2ac0060152a"
url = "https://unofficial-builds.nodejs.org/download/release/v24.15.0/node-v24.15.0-linux-arm64-musl.tar.gz"

[tools.node."platforms.linux-x64"]
checksum = "sha256:44836872d9aec49f1e6b52a9a922872db9a2b02d235a616a5681b6a85fec8d89"
url = "https://nodejs.org/dist/v24.15.0/node-v24.15.0-linux-x64.tar.gz"

[tools.node."platforms.linux-x64-musl"]
checksum = "sha256:f55af5bd489c5347b113ca6594cae00a54b30ba57ac5875324311bfc6f4762e3"
url = "https://unofficial-builds.nodejs.org/download/release/v24.15.0/node-v24.15.0-linux-x64-musl.tar.gz"

[tools.node."platforms.macos-arm64"]
checksum = "sha256:372331b969779ab5d15b949884fc6eaf88d5afe87bde8ba881d6400b9100ffc4"
url = "https://nodejs.org/dist/v24.15.0/node-v24.15.0-darwin-arm64.tar.gz"

[tools.node."platforms.macos-x64"]
checksum = "sha256:ffd5ee293467927f3ee731a553eb88fd1f48cf74eebc2d74a6babe4af228673b"
url = "https://nodejs.org/dist/v24.15.0/node-v24.15.0-darwin-x64.tar.gz"

[tools.node."platforms.windows-x64"]
checksum = "sha256:cc5149eabd53779ce1e7bdc5401643622d0c7e6800ade18928a767e940bb0e62"
url = "https://nodejs.org/dist/v24.15.0/node-v24.15.0-win-x64.zip"

[[tools.npm]]
version = "11.1.0"
backend = "aqua:npm/cli"

[tools.npm."platforms.linux-arm64"]
url = "https://registry.npmjs.org/npm/-/npm-11.1.0.tgz"

[tools.npm."platforms.linux-arm64-musl"]
url = "https://registry.npmjs.org/npm/-/npm-11.1.0.tgz"

[tools.npm."platforms.linux-x64"]
url = "https://registry.npmjs.org/npm/-/npm-11.1.0.tgz"

[tools.npm."platforms.linux-x64-musl"]
url = "https://registry.npmjs.org/npm/-/npm-11.1.0.tgz"

[tools.npm."platforms.macos-arm64"]
url = "https://registry.npmjs.org/npm/-/npm-11.1.0.tgz"

[tools.npm."platforms.macos-x64"]
url = "https://registry.npmjs.org/npm/-/npm-11.1.0.tgz"

[[tools.pinact]]
version = "4.1.0"
backend = "aqua:suzuki-shunsuke/pinact"

[tools.pinact."platforms.linux-arm64"]
checksum = "sha256:2807669cd423a3572bc12ea4a5eab80cd2f30d5644710e0c97a08a075fdadf10"
url = "https://github.com/suzuki-shunsuke/pinact/releases/download/v4.1.0/pinact_linux_arm64.tar.gz"
provenance = "github-attestations"

[tools.pinact."platforms.linux-arm64-musl"]
checksum = "sha256:2807669cd423a3572bc12ea4a5eab80cd2f30d5644710e0c97a08a075fdadf10"
url = "https://github.com/suzuki-shunsuke/pinact/releases/download/v4.1.0/pinact_linux_arm64.tar.gz"
provenance = "github-attestations"

[tools.pinact."platforms.linux-x64"]
checksum = "sha256:8fcbf1b3e95551c82fd995535e3c1defa70e23299ce36eb3afd6c98778de6ca0"
url = "https://github.com/suzuki-shunsuke/pinact/releases/download/v4.1.0/pinact_linux_amd64.tar.gz"
provenance = "github-attestations"

[tools.pinact."platforms.linux-x64-musl"]
checksum = "sha256:8fcbf1b3e95551c82fd995535e3c1defa70e23299ce36eb3afd6c98778de6ca0"
url = "https://github.com/suzuki-shunsuke/pinact/releases/download/v4.1.0/pinact_linux_amd64.tar.gz"
provenance = "github-attestations"

[tools.pinact."platforms.macos-arm64"]
checksum = "sha256:b670063ccfa178cdb5c7107d14e3de896f10b93edcc7dbe38b840cb99f2536db"
url = "https://github.com/suzuki-shunsuke/pinact/releases/download/v4.1.0/pinact_darwin_arm64.tar.gz"
provenance = "github-attestations"

[tools.pinact."platforms.macos-x64"]
checksum = "sha256:6338d0220a28093c2c6916a047eea8a17f4ba03a8562010dc8e942b2a2884364"
url = "https://github.com/suzuki-shunsuke/pinact/releases/download/v4.1.0/pinact_darwin_amd64.tar.gz"
provenance = "github-attestations"

[tools.pinact."platforms.windows-x64"]
checksum = "sha256:de04e9612a50cb7b0263d162400305ea02fc85410c38887d1be7446a7c5d5dc6"
url = "https://github.com/suzuki-shunsuke/pinact/releases/download/v4.1.0/pinact_windows_amd64.zip"
provenance = "github-attestations"
